
Microsoft Visual Studio Solution File, Format Version 12.00
# Visual Studio Version 17
VisualStudioVersion = 17.2.32616.157
MinimumVisualStudioVersion = 10.0.40219.1
Project("{FAE04EC0-301F-11D3-BF4B-00C04F79EFBC}") = "Commerce", "Commerce\Commerce.csproj", "{DA3801F6-329B-4512-9737-F40F1BB5BBFC}"
EndProject
Project("{FAE04EC0-301F-11D3-BF4B-00C04F79EFBC}") = "Cart", "Cart\Cart.csproj", "{003D7A92-5137-4881-A52B-B41AA3C207CE}"
EndProject
Global
	GlobalSection(SolutionConfigurationPlatforms) = preSolution
		Debug|Any CPU = Debug|Any CPU
		Release|Any CPU = Release|Any CPU
	EndGlobalSection
	GlobalSection(ProjectConfigurationPlatforms) = postSolution
		{DA3801F6-329B-4512-9737-F40F1BB5BBFC}.Debug|Any CPU.ActiveCfg = Debug|Any CPU
		{DA3801F6-329B-4512-9737-F40F1BB5BBFC}.Debug|Any CPU.Build.0 = Debug|Any CPU
		{DA3801F6-329B-4512-9737-F40F1BB5BBFC}.Release|Any CPU.ActiveCfg = Release|Any CPU
		{DA3801F6-329B-4512-9737-F40F1BB5BBFC}.Release|Any CPU.Build.0 = Release|Any CPU
		{003D7A92-5137-4881-A52B-B41AA3C207CE}.Debug|Any CPU.ActiveCfg = Debug|Any CPU
		{003D7A92-5137-4881-A52B-B41AA3C207CE}.Debug|Any CPU.Build.0 = Debug|Any CPU
		{003D7A92-5137-4881-A52B-B41AA3C207CE}.Release|Any CPU.ActiveCfg = Release|Any CPU
		{003D7A92-5137-4881-A52B-B41AA3C207CE}.Release|Any CPU.Build.0 = Release|Any CPU
	EndGlobalSection
	GlobalSection(SolutionProperties) = preSolution
		HideSolutionNode = FALSE
	EndGlobalSection
	GlobalSection(ExtensibilityGlobals) = postSolution
		SolutionGuid = {3AB798E8-E63C-4AA2-B83E-9CE67252C179}
	EndGlobalSection
EndGlobal
